
Microsoft Visual Studio Solution File, Format Version 12.00
# Visual Studio Version 16
VisualStudioVersion = 16.0.31729.503
MinimumVisualStudioVersion = 10.0.40219.1
Project("{9A19103F-16F7-4668-BE54-9A1E7A4F7556}") = "DataAccess", "DataAccess\DataAccess.csproj", "{19A5179D-C00C-4EAF-BCCF-2E571CAD1C48}"
EndProject
Project("{9A19103F-16F7-4668-BE54-9A1E7A4F7556}") = "Business", "Business\Business.csproj", "{7C7481A1-5686-4924-9089-76738051A2BA}"
EndProject
Project("{9A19103F-16F7-4668-BE54-9A1E7A4F7556}") = "Entities", "Entities\Entities.csproj", "{A6CC1186-6CFA-4EF1-93A1-2B15D715DF02}"
EndProject
Project("{9A19103F-16F7-4668-BE54-9A1E7A4F7556}") = "ConsoleUI", "ConsoleUI\ConsoleUI.csproj", "{BF9A75F4-43FD-4032-A50D-11A6FDDA090E}"
EndProject
Project("{FAE04EC0-301F-11D3-BF4B-00C04F79EFBC}") = "Core", "Core\Core.csproj", "{58C8600E-E01F-4E34-9FA8-A9182BA3AA3F}"
EndProject
Project("{FAE04EC0-301F-11D3-BF4B-00C04F79EFBC}") = "WebAPI", "WebAPI\WebAPI.csproj", "{078706B5-E062-4D27-8E7C-5A123F286CE0}"
EndProject
Global
	GlobalSection(SolutionConfigurationPlatforms) = preSolution
		Debug|Any CPU = Debug|Any CPU
		Release|Any CPU = Release|Any CPU
	EndGlobalSection
	GlobalSection(ProjectConfigurationPlatforms) = postSolution
		{19A5179D-C00C-4EAF-BCCF-2E571CAD1C48}.Debug|Any CPU.ActiveCfg = Debug|Any CPU
		{19A5179D-C00C-4EAF-BCCF-2E571CAD1C48}.Debug|Any CPU.Build.0 = Debug|Any CPU
		{19A5179D-C00C-4EAF-BCCF-2E571CAD1C48}.Release|Any CPU.ActiveCfg = Release|Any CPU
		{19A5179D-C00C-4EAF-BCCF-2E571CAD1C48}.Release|Any CPU.Build.0 = Release|Any CPU
		{7C7481A1-5686-4924-9089-76738051A2BA}.Debug|Any CPU.ActiveCfg = Debug|Any CPU
		{7C7481A1-5686-4924-9089-76738051A2BA}.Debug|Any CPU.Build.0 = Debug|Any CPU
		{7C7481A1-5686-4924-9089-76738051A2BA}.Release|Any CPU.ActiveCfg = Release|Any CPU
		{7C7481A1-5686-4924-9089-76738051A2BA}.Release|Any CPU.Build.0 = Release|Any CPU
		{A6CC1186-6CFA-4EF1-93A1-2B15D715DF02}.Debug|Any CPU.ActiveCfg = Debug|Any CPU
		{A6CC1186-6CFA-4EF1-93A1-2B15D715DF02}.Debug|Any CPU.Build.0 = Debug|Any CPU
		{A6CC1186-6CFA-4EF1-93A1-2B15D715DF02}.Release|Any CPU.ActiveCfg = Release|Any CPU
		{A6CC1186-6CFA-4EF1-93A1-2B15D715DF02}.Release|Any CPU.Build.0 = Release|Any CPU
		{BF9A75F4-43FD-4032-A50D-11A6FDDA090E}.Debug|Any CPU.ActiveCfg = Debug|Any CPU
		{BF9A75F4-43FD-4032-A50D-11A6FDDA090E}.Debug|Any CPU.Build.0 = Debug|Any CPU
		{BF9A75F4-43FD-4032-A50D-11A6FDDA090E}.Release|Any CPU.ActiveCfg = Release|Any CPU
		{BF9A75F4-43FD-4032-A50D-11A6FDDA090E}.Release|Any CPU.Build.0 = Release|Any CPU
		{58C8600E-E01F-4E34-9FA8-A9182BA3AA3F}.Debug|Any CPU.ActiveCfg = Debug|Any CPU
		{58C8600E-E01F-4E34-9FA8-A9182BA3AA3F}.Debug|Any CPU.Build.0 = Debug|Any CPU
		{58C8600E-E01F-4E34-9FA8-A9182BA3AA3F}.Release|Any CPU.ActiveCfg = Release|Any CPU
		{58C8600E-E01F-4E34-9FA8-A9182BA3AA3F}.Release|Any CPU.Build.0 = Release|Any CPU
		{078706B5-E062-4D27-8E7C-5A123F286CE0}.Debug|Any CPU.ActiveCfg = Debug|Any CPU
		{078706B5-E062-4D27-8E7C-5A123F286CE0}.Debug|Any CPU.Build.0 = Debug|Any CPU
		{078706B5-E062-4D27-8E7C-5A123F286CE0}.Release|Any CPU.ActiveCfg = Release|Any CPU
		{078706B5-E062-4D27-8E7C-5A123F286CE0}.Release|Any CPU.Build.0 = Release|Any CPU
	EndGlobalSection
	GlobalSection(SolutionProperties) = preSolution
		HideSolutionNode = FALSE
	EndGlobalSection
	GlobalSection(ExtensibilityGlobals) = postSolution
		SolutionGuid = {445DCBBE-05B0-44AE-B24B-65E01996611A}
	EndGlobalSection
EndGlobal
